
Microsoft Visual Studio Solution File, Format Version 12.00
# Visual Studio Version 17
VisualStudioVersion = 17.8.34316.72
MinimumVisualStudioVersion = 10.0.40219.1
Project("{FAE04EC0-301F-11D3-BF4B-00C04F79EFBC}") = "PracticaGIT_EV2324", "PracticaGIT_EV2324\PracticaGIT_EV2324.csproj", "{22278445-6F94-4CA5-A264-64C672C0857D}"
EndProject
Global
	GlobalSection(SolutionConfigurationPlatforms) = preSolution
		Debug|Any CPU = Debug|Any CPU
		Release|Any CPU = Release|Any CPU
	EndGlobalSection
	GlobalSection(ProjectConfigurationPlatforms) = postSolution
		{22278445-6F94-4CA5-A264-64C672C0857D}.Debug|Any CPU.ActiveCfg = Debug|Any CPU
		{22278445-6F94-4CA5-A264-64C672C0857D}.Debug|Any CPU.Build.0 = Debug|Any CPU
		{22278445-6F94-4CA5-A264-64C672C0857D}.Release|Any CPU.ActiveCfg = Release|Any CPU
		{22278445-6F94-4CA5-A264-64C672C0857D}.Release|Any CPU.Build.0 = Release|Any CPU
	EndGlobalSection
	GlobalSection(SolutionProperties) = preSolution
		HideSolutionNode = FALSE
	EndGlobalSection
	GlobalSection(ExtensibilityGlobals) = postSolution
		SolutionGuid = {2D0B2C3A-CEE8-4F03-BD8A-E1F9D937EF6D}
	EndGlobalSection
EndGlobal
